
Microsoft Visual Studio Solution File, Format Version 12.00
# Visual Studio 14
VisualStudioVersion = 14.0.25123.0
MinimumVisualStudioVersion = 10.0.40219.1
Project("{2150E333-8FDC-42A3-9474-1A3956D46DE8}") = "src", "src", "{4DD43F00-3BFF-4498-B6AF-24E2B560AA03}"
EndProject
Project("{2150E333-8FDC-42A3-9474-1A3956D46DE8}") = "samples", "samples", "{5FB45438-6551-4471-BA21-674886190AC4}"
EndProject
Project("{2150E333-8FDC-42A3-9474-1A3956D46DE8}") = "Solution Items", "Solution Items", "{53974EB3-84D1-48A9-A5F9-7263402512C3}"
	ProjectSection(SolutionItems) = preProject
		global.json = global.json
	EndProjectSection
EndProject
Project("{8BB2217D-0F2D-49D1-97BC-3654ED321F3B}") = "Auth0.AspNetCore.Authentication", "src\Auth0.AspNetCore.Authentication\Auth0.AspNetCore.Authentication.xproj", "{95A1D302-D780-488D-8463-5BE1046F5FB1}"
EndProject
Project("{8BB2217D-0F2D-49D1-97BC-3654ED321F3B}") = "AspNetCoreMvcSample", "samples\AspNetCoreMvcSample\AspNetCoreMvcSample.xproj", "{76BB0DD9-D30D-4520-8B9E-C01823557832}"
EndProject
Project("{8BB2217D-0F2D-49D1-97BC-3654ED321F3B}") = "Auth0.AspNetCore.Mvc.TagHelpers", "src\Auth0.AspNetCore.Mvc.TagHelpers\Auth0.AspNetCore.Mvc.TagHelpers.xproj", "{C584FC9B-07E3-4FEF-A6B7-0DE148D0C36C}"
EndProject
Project("{8BB2217D-0F2D-49D1-97BC-3654ED321F3B}") = "LockSample", "samples\LockSample\LockSample.xproj", "{1C6B8AE6-161F-45C5-B54F-A6E2376A0B7B}"
EndProject
Project("{8BB2217D-0F2D-49D1-97BC-3654ED321F3B}") = "Auth0.AspNetCore.Mvc.TagHelpers.Lock.OAuth", "src\Auth0.AspNetCore.Mvc.TagHelpers.Lock.OAuth\Auth0.AspNetCore.Mvc.TagHelpers.Lock.OAuth.xproj", "{02C08145-AC4C-4601-981E-52D2C79D6CF6}"
EndProject
Project("{8BB2217D-0F2D-49D1-97BC-3654ED321F3B}") = "Auth0.AspNetCore.Mvc.TagHelpers.Lock.OpenIdConnect", "src\Auth0.AspNetCore.Mvc.TagHelpers.Lock.OpenIdConnect\Auth0.AspNetCore.Mvc.TagHelpers.Lock.OpenIdConnect.xproj", "{95684320-12F1-429A-A66C-656251A59942}"
EndProject
Global
	GlobalSection(SolutionConfigurationPlatforms) = preSolution
		Debug|Any CPU = Debug|Any CPU
		Release|Any CPU = Release|Any CPU
	EndGlobalSection
	GlobalSection(ProjectConfigurationPlatforms) = postSolution
		{95A1D302-D780-488D-8463-5BE1046F5FB1}.Debug|Any CPU.ActiveCfg = Debug|Any CPU
		{95A1D302-D780-488D-8463-5BE1046F5FB1}.Debug|Any CPU.Build.0 = Debug|Any CPU
		{95A1D302-D780-488D-8463-5BE1046F5FB1}.Release|Any CPU.ActiveCfg = Release|Any CPU
		{95A1D302-D780-488D-8463-5BE1046F5FB1}.Release|Any CPU.Build.0 = Release|Any CPU
		{76BB0DD9-D30D-4520-8B9E-C01823557832}.Debug|Any CPU.ActiveCfg = Debug|Any CPU
		{76BB0DD9-D30D-4520-8B9E-C01823557832}.Debug|Any CPU.Build.0 = Debug|Any CPU
		{76BB0DD9-D30D-4520-8B9E-C01823557832}.Release|Any CPU.ActiveCfg = Release|Any CPU
		{76BB0DD9-D30D-4520-8B9E-C01823557832}.Release|Any CPU.Build.0 = Release|Any CPU
		{C584FC9B-07E3-4FEF-A6B7-0DE148D0C36C}.Debug|Any CPU.ActiveCfg = Debug|Any CPU
		{C584FC9B-07E3-4FEF-A6B7-0DE148D0C36C}.Debug|Any CPU.Build.0 = Debug|Any CPU
		{C584FC9B-07E3-4FEF-A6B7-0DE148D0C36C}.Release|Any CPU.ActiveCfg = Release|Any CPU
		{C584FC9B-07E3-4FEF-A6B7-0DE148D0C36C}.Release|Any CPU.Build.0 = Release|Any CPU
		{1C6B8AE6-161F-45C5-B54F-A6E2376A0B7B}.Debug|Any CPU.ActiveCfg = Debug|Any CPU
		{1C6B8AE6-161F-45C5-B54F-A6E2376A0B7B}.Debug|Any CPU.Build.0 = Debug|Any CPU
		{1C6B8AE6-161F-45C5-B54F-A6E2376A0B7B}.Release|Any CPU.ActiveCfg = Release|Any CPU
		{1C6B8AE6-161F-45C5-B54F-A6E2376A0B7B}.Release|Any CPU.Build.0 = Release|Any CPU
		{02C08145-AC4C-4601-981E-52D2C79D6CF6}.Debug|Any CPU.ActiveCfg = Debug|Any CPU
		{02C08145-AC4C-4601-981E-52D2C79D6CF6}.Debug|Any CPU.Build.0 = Debug|Any CPU
		{02C08145-AC4C-4601-981E-52D2C79D6CF6}.Release|Any CPU.ActiveCfg = Release|Any CPU
		{02C08145-AC4C-4601-981E-52D2C79D6CF6}.Release|Any CPU.Build.0 = Release|Any CPU
		{95684320-12F1-429A-A66C-656251A59942}.Debug|Any CPU.ActiveCfg = Debug|Any CPU
		{95684320-12F1-429A-A66C-656251A59942}.Debug|Any CPU.Build.0 = Debug|Any CPU
		{95684320-12F1-429A-A66C-656251A59942}.Release|Any CPU.ActiveCfg = Release|Any CPU
		{95684320-12F1-429A-A66C-656251A59942}.Release|Any CPU.Build.0 = Release|Any CPU
	EndGlobalSection
	GlobalSection(SolutionProperties) = preSolution
		HideSolutionNode = FALSE
	EndGlobalSection
	GlobalSection(NestedProjects) = preSolution
		{95A1D302-D780-488D-8463-5BE1046F5FB1} = {4DD43F00-3BFF-4498-B6AF-24E2B560AA03}
		{76BB0DD9-D30D-4520-8B9E-C01823557832} = {5FB45438-6551-4471-BA21-674886190AC4}
		{C584FC9B-07E3-4FEF-A6B7-0DE148D0C36C} = {4DD43F00-3BFF-4498-B6AF-24E2B560AA03}
		{1C6B8AE6-161F-45C5-B54F-A6E2376A0B7B} = {5FB45438-6551-4471-BA21-674886190AC4}
		{02C08145-AC4C-4601-981E-52D2C79D6CF6} = {4DD43F00-3BFF-4498-B6AF-24E2B560AA03}
		{95684320-12F1-429A-A66C-656251A59942} = {4DD43F00-3BFF-4498-B6AF-24E2B560AA03}
	EndGlobalSection
EndGlobal
